
Microsoft Visual Studio Solution File, Format Version 12.00
# Visual Studio Version 17
VisualStudioVersion = 17.7.34031.279
MinimumVisualStudioVersion = 10.0.40219.1
Project("{9A19103F-16F7-4668-BE54-9A1E7A4F7556}") = "StudentCommunity.UI", "StudentCommunity.UI\StudentCommunity.UI.csproj", "{A203B4ED-4B7B-44B6-9E5B-5C96FCAB4937}"
EndProject
Project("{9A19103F-16F7-4668-BE54-9A1E7A4F7556}") = "DataTraining", "DataTraining\DataTraining.csproj", "{0931BCF0-812F-4799-ACEC-9274D42F53D8}"
EndProject
Project("{9A19103F-16F7-4668-BE54-9A1E7A4F7556}") = "StudentCommunity.Infrastructure", "StudentCommunity.Infrastructure\StudentCommunity.Infrastructure.csproj", "{F753C5A7-14A9-44B4-885F-1C574076679C}"
EndProject
Project("{9A19103F-16F7-4668-BE54-9A1E7A4F7556}") = "DataTraining2", "DataTraining2\DataTraining2.csproj", "{FED5B3C6-C1B0-4B94-8557-239CBBC64BA4}"
EndProject
Project("{9A19103F-16F7-4668-BE54-9A1E7A4F7556}") = "StudentsCommunity.Api", "StudentsCommunity.Api\StudentsCommunity.Api.csproj", "{380940B1-1583-405B-8C28-5A0FFCF78E9E}"
EndProject
Global
	GlobalSection(SolutionConfigurationPlatforms) = preSolution
		Debug|Any CPU = Debug|Any CPU
		Release|Any CPU = Release|Any CPU
	EndGlobalSection
	GlobalSection(ProjectConfigurationPlatforms) = postSolution
		{A203B4ED-4B7B-44B6-9E5B-5C96FCAB4937}.Debug|Any CPU.ActiveCfg = Debug|Any CPU
		{A203B4ED-4B7B-44B6-9E5B-5C96FCAB4937}.Debug|Any CPU.Build.0 = Debug|Any CPU
		{A203B4ED-4B7B-44B6-9E5B-5C96FCAB4937}.Release|Any CPU.ActiveCfg = Release|Any CPU
		{A203B4ED-4B7B-44B6-9E5B-5C96FCAB4937}.Release|Any CPU.Build.0 = Release|Any CPU
		{0931BCF0-812F-4799-ACEC-9274D42F53D8}.Debug|Any CPU.ActiveCfg = Debug|Any CPU
		{0931BCF0-812F-4799-ACEC-9274D42F53D8}.Debug|Any CPU.Build.0 = Debug|Any CPU
		{0931BCF0-812F-4799-ACEC-9274D42F53D8}.Release|Any CPU.ActiveCfg = Release|Any CPU
		{0931BCF0-812F-4799-ACEC-9274D42F53D8}.Release|Any CPU.Build.0 = Release|Any CPU
		{F753C5A7-14A9-44B4-885F-1C574076679C}.Debug|Any CPU.ActiveCfg = Debug|Any CPU
		{F753C5A7-14A9-44B4-885F-1C574076679C}.Debug|Any CPU.Build.0 = Debug|Any CPU
		{F753C5A7-14A9-44B4-885F-1C574076679C}.Release|Any CPU.ActiveCfg = Release|Any CPU
		{F753C5A7-14A9-44B4-885F-1C574076679C}.Release|Any CPU.Build.0 = Release|Any CPU
		{FED5B3C6-C1B0-4B94-8557-239CBBC64BA4}.Debug|Any CPU.ActiveCfg = Debug|Any CPU
		{FED5B3C6-C1B0-4B94-8557-239CBBC64BA4}.Debug|Any CPU.Build.0 = Debug|Any CPU
		{FED5B3C6-C1B0-4B94-8557-239CBBC64BA4}.Release|Any CPU.ActiveCfg = Release|Any CPU
		{FED5B3C6-C1B0-4B94-8557-239CBBC64BA4}.Release|Any CPU.Build.0 = Release|Any CPU
		{380940B1-1583-405B-8C28-5A0FFCF78E9E}.Debug|Any CPU.ActiveCfg = Debug|Any CPU
		{380940B1-1583-405B-8C28-5A0FFCF78E9E}.Debug|Any CPU.Build.0 = Debug|Any CPU
		{380940B1-1583-405B-8C28-5A0FFCF78E9E}.Release|Any CPU.ActiveCfg = Release|Any CPU
		{380940B1-1583-405B-8C28-5A0FFCF78E9E}.Release|Any CPU.Build.0 = Release|Any CPU
	EndGlobalSection
	GlobalSection(SolutionProperties) = preSolution
		HideSolutionNode = FALSE
	EndGlobalSection
	GlobalSection(ExtensibilityGlobals) = postSolution
		SolutionGuid = {B1226FAA-2BEF-45EA-A853-4BB468104519}
	EndGlobalSection
EndGlobal
